
Microsoft Visual Studio Solution File, Format Version 12.00
# Visual Studio Version 16
VisualStudioVersion = 16.0.30611.23
MinimumVisualStudioVersion = 10.0.40219.1
Project("{FAE04EC0-301F-11D3-BF4B-00C04F79EFBC}") = "Egzamin_s18919", "Egzamin_s18919\Egzamin_s18919.csproj", "{5C621685-0538-476B-B690-0242EA6A7169}"
EndProject
Global
	GlobalSection(SolutionConfigurationPlatforms) = preSolution
		Debug|Any CPU = Debug|Any CPU
		Release|Any CPU = Release|Any CPU
	EndGlobalSection
	GlobalSection(ProjectConfigurationPlatforms) = postSolution
		{5C621685-0538-476B-B690-0242EA6A7169}.Debug|Any CPU.ActiveCfg = Debug|Any CPU
		{5C621685-0538-476B-B690-0242EA6A7169}.Debug|Any CPU.Build.0 = Debug|Any CPU
		{5C621685-0538-476B-B690-0242EA6A7169}.Release|Any CPU.ActiveCfg = Release|Any CPU
		{5C621685-0538-476B-B690-0242EA6A7169}.Release|Any CPU.Build.0 = Release|Any CPU
	EndGlobalSection
	GlobalSection(SolutionProperties) = preSolution
		HideSolutionNode = FALSE
	EndGlobalSection
	GlobalSection(ExtensibilityGlobals) = postSolution
		SolutionGuid = {723631AC-B162-4B16-893A-7DB3291B3524}
	EndGlobalSection
EndGlobal
